
Microsoft Visual Studio Solution File, Format Version 12.00
# Visual Studio Version 16
VisualStudioVersion = 16.0.30804.86
MinimumVisualStudioVersion = 10.0.40219.1
Project("{FAE04EC0-301F-11D3-BF4B-00C04F79EFBC}") = "myBookStore", "myBookStore\myBookStore.csproj", "{A3F3ECEF-C2EA-48F9-ACAE-5F5A4AA7BE3E}"
EndProject
Global
	GlobalSection(SolutionConfigurationPlatforms) = preSolution
		Debug|Any CPU = Debug|Any CPU
		Release|Any CPU = Release|Any CPU
	EndGlobalSection
	GlobalSection(ProjectConfigurationPlatforms) = postSolution
		{A3F3ECEF-C2EA-48F9-ACAE-5F5A4AA7BE3E}.Debug|Any CPU.ActiveCfg = Debug|Any CPU
		{A3F3ECEF-C2EA-48F9-ACAE-5F5A4AA7BE3E}.Debug|Any CPU.Build.0 = Debug|Any CPU
		{A3F3ECEF-C2EA-48F9-ACAE-5F5A4AA7BE3E}.Release|Any CPU.ActiveCfg = Release|Any CPU
		{A3F3ECEF-C2EA-48F9-ACAE-5F5A4AA7BE3E}.Release|Any CPU.Build.0 = Release|Any CPU
	EndGlobalSection
	GlobalSection(SolutionProperties) = preSolution
		HideSolutionNode = FALSE
	EndGlobalSection
	GlobalSection(ExtensibilityGlobals) = postSolution
		SolutionGuid = {C6794C06-7031-4775-95D8-8DAE2AF8595F}
	EndGlobalSection
EndGlobal
